{
    "_meta": {
        "hash": {
            "sha256": "8d6d5feb12943d0e2ddaef021ed0107c2abcd24f9126ec7fe5de81fd2de90a21"
        },
        "pipfile-spec": 6,
        "requires": {
            "python_version": "3.10"
        },
        "sources": [
            {
                "name": "pypi",
                "url": "https://pypi.org/simple",
                "verify_ssl": true
            }
        ]
    },
    "default": {
        "appnope": {
            "hashes": [
                "sha256:02bd91c4de869fbb1e1c50aafc4098827a7a54ab2f39d9dcba6c9547ed920e24",
                "sha256:265a455292d0bd8a72453494fa24df5a11eb18373a60c7c0430889f22548605e"
            ],
            "markers": "sys_platform == 'darwin'",
            "version": "==0.1.3"
        },
        "asttokens": {
            "hashes": [
                "sha256:4622110b2a6f30b77e1473affaa97e711bc2f07d3f10848420ff1898edbe94f3",
                "sha256:6b0ac9e93fb0335014d382b8fa9b3afa7df546984258005da0b9e7095b3deb1c"
            ],
            "version": "==2.2.1"
        },
        "backcall": {
            "hashes": [
                "sha256:5cbdbf27be5e7cfadb448baf0aa95508f91f2bbc6c6437cd9cd06e2a4c215e1e",
                "sha256:fbbce6a29f263178a1f7915c1940bde0ec2b2a967566fe1c65c1dfb7422bd255"
            ],
            "version": "==0.2.0"
        },
        "decorator": {
            "hashes": [
                "sha256:637996211036b6385ef91435e4fae22989472f9d571faba8927ba8253acbc330",
                "sha256:b8c3f85900b9dc423225913c5aace94729fe1fa9763b38939a95226f02d37186"
            ],
            "markers": "python_version >= '3.5'",
            "version": "==5.1.1"
        },
        "executing": {
            "hashes": [
                "sha256:0314a69e37426e3608aada02473b4161d4caf5a4b244d1d0c48072b8fee7bacc",
                "sha256:19da64c18d2d851112f09c287f8d3dbbdf725ab0e569077efb6cdcbd3497c107"
            ],
            "version": "==1.2.0"
        },
        "grpcio": {
            "hashes": [
                "sha256:1471e6f25a8e47d9f88499f48c565fc5b2876e8ee91bfb0ff33eaadd188b7ea6",
                "sha256:19f9c021ae858d3ef6d5ec4c0acf3f0b0a61e599e5aa36c36943c209520a0e66",
                "sha256:1c924d4e0493fd536ba3b82584b370e8b3c809ef341f9f828cff2dc3c761b3ab",
                "sha256:1d065f40fe74b52b88a6c42d4373a0983f1b0090f952a0747f34f2c11d6cbc64",
                "sha256:1ff1be0474846ed15682843b187e6062f845ddfeaceb2b28972073f474f7b735",
                "sha256:2563357697f5f2d7fd80c1b07a57ef4736551327ad84de604e7b9f6c1b6b4e20",
                "sha256:2b6c336409937fd1cd2bf78eb72651f44d292d88da5e63059a4e8bd01b9d7411",
                "sha256:3340cb2224cc397954def015729391d85fb31135b5a7efca363e73e6f1b0e908",
                "sha256:346bef672a1536d59437210f16af35389d715d2b321bfe4899b3d6476a196706",
                "sha256:3d319a0c89ffac9b8dfc75bfe727a4c835d18bbccc14203b20eb5949c6c7d87d",
                "sha256:460f5bec23fffa3c041aeba1f93a0f06b7a29e6a4da3658a52e1a866494920ab",
                "sha256:4786323555a9f2c6380cd9a9922bcfd42165a51d68d242eebfcdfdc667651c96",
                "sha256:53b6306f9473020bc47ddf64ca704356466e63d5f88f5c2a7bf0a4692e7f03c4",
                "sha256:53fa2fc1a1713195fa7acf7443a6f59b6ac7837607690f813c66cc18a9cb8135",
                "sha256:598c8c42420443c55431eba1821c7a2f72707f1ff674a4de9e0bb03282923cfb",
                "sha256:5a6a750c8324f3974e95265d3f9a0541573c537af1f67b3f6f46bf9c0b2e1b36",
                "sha256:5d81cd3c161291339ed3b469250c2f5013c3083dea7796e93aedff8f05fdcec1",
                "sha256:626822d799d8fab08f07c8d95ef5c36213d24143f7cad3f548e97413db9f4110",
                "sha256:660217eccd2943bf23ea9a36e2a292024305aec04bf747fbcff1f5032b83610e",
                "sha256:741eeff39a26d26da2b6d74ff0559f882ee95ee4e3b20c0b4b829021cb917f96",
                "sha256:7cee20a4f873d61274d70c28ff63d19677d9eeea869c6a9cbaf3a00712336b6c",
                "sha256:8bbaa6647986b874891bc682a1093df54cbdb073b5d4b844a2b480c47c7ffafd",
                "sha256:934aad7350d9577f4275e787f3d91d3c8ff4efffa8d6b807d343d3c891ff53eb",
                "sha256:9477967e605ba08715dcc769b5ee0f0d8b22bda40ef25a0df5a8759e5a4d21a5",
                "sha256:97dc35a99c61d5f35ec6457d3df0a4695ba9bb04a35686e1c254462b15c53f98",
                "sha256:9d116106cf220c79e91595523c893f1cf09ec0c2ea49de4fb82152528b7e6833",
                "sha256:9fba1d0ba7cf56811728f1951c800a9aca6677e86433c5e353f2cc2c4039fda6",
                "sha256:a15409bc1d05c52ecb00f5e42ab8ff280e7149f2eb854728f628fb2a0a161a5b",
                "sha256:a1b81849061c67c2ffaa6ed27aa3d9b0762e71e68e784e24b0330b7b1c67470a",
                "sha256:a5edbcb8289681fcb5ded7542f2b7dd456489e83007a95e32fcaf55e9f18603e",
                "sha256:a661d4b9b314327dec1e92ed57e591e8e5eb055700e0ba9e9687f734d922dcb6",
                "sha256:b005502c59835f9ba3c3f8742f64c19eeb3db41eae1a89b035a559b39b421803",
                "sha256:b01faf7934c606d5050cf055c1d03943180f23d995d68d04cf50c80d1ef2c65a",
                "sha256:b0fa666fecdb1b118d37823937e9237afa17fe734fc4dbe6dd642e1e4cca0246",
                "sha256:c54734a6eb3be544d332e65c846236d02e5fc71325e8c53af91e83a46b87b506",
                "sha256:c6b6969c529521c86884a13745a4b68930db1ef2e051735c0f479d0a7adb25b6",
                "sha256:ca382028cdfd2d79b7704b2acb8ae1fb54e9e1a03a6765e1895ba89a6fcfaba1",
                "sha256:ca5209ef89f7607be47a308fa92308cf079805ed556ecda672f00039a26e366f",
                "sha256:d03009a26f7edca9f0a581aa5d3153242b815b858cb4790e34a955afb303c6ba",
                "sha256:d751f8beb383c4a5a95625d7ccc1ab183b98b02c6a88924814ea7fbff530872d",
                "sha256:dad2501603f954f222a6e555413c454a5f8d763ab910fbab3855bcdfef6b3148",
                "sha256:dbba883c2b6d63949bc98ab1950bc22cf7c8d4e8cb68de6edde49d3cccd8fd26",
                "sha256:e02f6ba10a3d4e289fa7ae91b301783a750d118b60f17924ca05e506c7d29bc8",
                "sha256:f0ef1dafb4eadeaca58aec8c721a5a73d551064b0c63d57fa003e233277c642e",
                "sha256:f29627d66ae816837fd32c9450dc9c54780962cd74d034513ed829ba3ab46652",
                "sha256:f3a99ed422c38bd1bc893cb2cb2cea6d64173ec30927f699e95f5f58bdf625cf"
            ],
            "markers": "python_version >= '3.6'",
            "version": "==1.48.1"
        },
        "grpcio-tools": {
            "hashes": [
                "sha256:00b6592b04732648238dcabffd86202211e1df90e26bb4dbe2fa4882e8bf662c",
                "sha256:04c263723dcc1ef4c3ae0a0d0c0a7d572bca49153e02fc026ed485fc2373128f",
                "sha256:09c295fae4fc646376b02f81a763d32900bdd16b85a8555b912d2f7472a83ad3",
                "sha256:1178f2ea531f80cc2027ec64728df6ffc8e98cf1df61652a496eafd612127183",
                "sha256:1464248c6089d3c19ba82d29b515b11a43737ef73b08f73895c16959a4d537df",
                "sha256:1cb5802dc1eb33e1c5ccc86d48af6c95cfb10975851f2e4b3e5547d2e7502829",
                "sha256:247035b1d59135c13b74b203a23069564ca8202d27b21578ced6426c06e08e98",
                "sha256:24bf144bafd8cdcdedcd738a3234346c4d8a3e82aee74429842fffb56920bcbf",
                "sha256:289bb31d4ab25c49125f49bd7b048e8ce02b147ad296e8fce087814d034faf21",
                "sha256:2bf1d3b44132bf5ec8397fdee70102edff7cf311483d58926cae3a564310d121",
                "sha256:306bd078d20739026e481ef9f353e5b3025a761b443e96a47e5c5db7e3cdcd8a",
                "sha256:31877d879023bd81344d31eba6e301f1239c2ccfc5fd28d62fac2cb117194a81",
                "sha256:42d0b2f488158cd12ed5848fc8e4b536214ff5a4f5d6ecc5ebe5edbbf064ae50",
                "sha256:491e87352e0be4c0e72dbecb0a52a53aa75f6a4d1dc9e53067c1cbc8833c4f5a",
                "sha256:4dfcfb3f89b0e8c98e1a65f9c0e04f5bfe69ea7eaaa22b4b99c2e3895512afc8",
                "sha256:5037a919a2689ed6f8c2a3b9cf6f1431caf0a93c730bde38f0960143f0072540",
                "sha256:5090ef3fa0288977b25fa1c5c0d15ca5d751ff206f906966c64eb3200ed6fa13",
                "sha256:55b7de7f48c6f500c1252e6b96279c93d5bc24bcef618fd6587563e8c854527f",
                "sha256:590a1bc3e5997e78b57085178d8de202de977d1f01984ac907a3ffca225bb729",
                "sha256:610da6278696e8f6d7831ecb9e513099f1f52dae3f40876a6049f634d4933919",
                "sha256:647ab95b7cecb5de392da3d70f0d49731cb90f1bd590d37a83ed6cfe06cb2a31",
                "sha256:6c2a2796e4b6d7ae5378d8fd848a64b9541524ad5f6eea4583b879fa53d97883",
                "sha256:739e3c49091175c117a26be4099145cdf85638a991d9bad8a5f9f6614ea31d61",
                "sha256:75fbf37461c337184624bec30db3a59c47514812b2f8f43a99818e44fb63243a",
                "sha256:7d4ada8dc77f5db280fa476cd28263f7d7de96c4fce10f5559cde620a3363a95",
                "sha256:7dc607ee397eed06b126cadf6a86bde46bcc7da9b9a1d1ad5338b9afa6085d07",
                "sha256:7e3230dd4f1bd79251ef086222041954ca5c27650a3d7f6589f972292461c8bf",
                "sha256:832935ea7ebb20f99bd8184fd70e0d111202043165207423f926dad22b255583",
                "sha256:87676b55aaf171c4922682e307e4fb8d6007c5e79bcdf1653cdf0868da17ae2a",
                "sha256:8d7fc42b0443e8d16d740e463ea0eb77b68dec6423783738bf1e480e6475e32c",
                "sha256:8ec634738c4d6220d96b293caff3115a0573c52d97581654c0a47b09d70ea958",
                "sha256:920d6381ea5bc8ebf3303e57bcc7ed3a0735508f881e70a5e08a88d1a98ab34d",
                "sha256:92a7182bd96b8105a5372e8e656ab8bde8f607c5092278aba2ec2f83b8c9ab28",
                "sha256:951c3701157627f90ec6831ba502babb10aa0dd465a2cb00fe450a061ef10251",
                "sha256:a0e2c5ba0a4a181eb379415affba9dc122f3f2eecdd459cc98fe311fdad9cf96",
                "sha256:a53b033e38e60671c0c22a296ae9fd2b025a196e153c6d6b9a3aa20b11bedfcf",
                "sha256:b53f48cb31a6a59ea01a371ab58bd8fa83fae9c1cfafab8acb954a70f757c6b1",
                "sha256:b5da8227eeefc957c41d7c59919d35e8a1d8275941e9839566b29eb368940bee",
                "sha256:c4ec8447af615563a5da884b9ed93b41716b80bb01ac9183f09046ac48dbacb5",
                "sha256:d454f4ef35b070b5bf39b65fec30b26b1f22da5b9efa4a716f7518308713ceab",
                "sha256:d9b854dec3e81fa5c2d601facb3b801a60bd5cbe295ef7e788a3e5824799183e",
                "sha256:e47c663303ebc7b409f4da9073e6bef05e97b74ee47caafc08e0a2e223b95100",
                "sha256:eb04964c52721cb841a863a6a523bd06328a42d718371bc55d257f93390b6799",
                "sha256:ebe91db084c22143bc50967670f201bb5bf776b46227b62a97b0a75b0046aac5",
                "sha256:f432ae6593373cf46a0144aa6392875c5b3fd9d48bf27b5ced503c466ef496ea",
                "sha256:fe071e1e13088752b2e96c6caadb719d39c80d768e441e3fc73b08f8b87560ae"
            ],
            "markers": "python_version >= '3.6'",
            "version": "==1.48.1"
        },
        "ipython": {
            "hashes": [
                "sha256:da01e6df1501e6e7c32b5084212ddadd4ee2471602e2cf3e0190f4de6b0ea481",
                "sha256:f3bf2c08505ad2c3f4ed5c46ae0331a8547d36bf4b21a451e8ae80c0791db95b"
            ],
            "index": "pypi",
            "version": "==8.8.0"
        },
        "jedi": {
            "hashes": [
                "sha256:203c1fd9d969ab8f2119ec0a3342e0b49910045abe6af0a3ae83a5764d54639e",
                "sha256:bae794c30d07f6d910d32a7048af09b5a39ed740918da923c6b780790ebac612"
            ],
            "markers": "python_version >= '3.6'",
            "version": "==0.18.2"
        },
        "matplotlib-inline": {
            "hashes": [
                "sha256:f1f41aab5328aa5aaea9b16d083b128102f8712542f819fe7e6a420ff581b311",
                "sha256:f887e5f10ba98e8d2b150ddcf4702c1e5f8b3a20005eb0f74bfdbd360ee6f304"
            ],
            "markers": "python_version >= '3.5'",
            "version": "==0.1.6"
        },
        "numpy": {
            "hashes": [
                "sha256:0044f7d944ee882400890f9ae955220d29b33d809a038923d88e4e01d652acd9",
                "sha256:0e3463e6ac25313462e04aea3fb8a0a30fb906d5d300f58b3bc2c23da6a15398",
                "sha256:179a7ef0889ab769cc03573b6217f54c8bd8e16cef80aad369e1e8185f994cd7",
                "sha256:2386da9a471cc00a1f47845e27d916d5ec5346ae9696e01a8a34760858fe9dd2",
                "sha256:26089487086f2648944f17adaa1a97ca6aee57f513ba5f1c0b7ebdabbe2b9954",
                "sha256:28bc9750ae1f75264ee0f10561709b1462d450a4808cd97c013046073ae64ab6",
                "sha256:28e418681372520c992805bb723e29d69d6b7aa411065f48216d8329d02ba032",
                "sha256:442feb5e5bada8408e8fcd43f3360b78683ff12a4444670a7d9e9824c1817d36",
                "sha256:6ec0c021cd9fe732e5bab6401adea5a409214ca5592cd92a114f7067febcba0c",
                "sha256:7094891dcf79ccc6bc2a1f30428fa5edb1e6fb955411ffff3401fb4ea93780a8",
                "sha256:84e789a085aabef2f36c0515f45e459f02f570c4b4c4c108ac1179c34d475ed7",
                "sha256:87a118968fba001b248aac90e502c0b13606721b1343cdaddbc6e552e8dfb56f",
                "sha256:8e669fbdcdd1e945691079c2cae335f3e3a56554e06bbd45d7609a6cf568c700",
                "sha256:ad2925567f43643f51255220424c23d204024ed428afc5aad0f86f3ffc080086",
                "sha256:b0677a52f5d896e84414761531947c7a330d1adc07c3a4372262f25d84af7bf7",
                "sha256:b07b40f5fb4fa034120a5796288f24c1fe0e0580bbfff99897ba6267af42def2",
                "sha256:b09804ff570b907da323b3d762e74432fb07955701b17b08ff1b5ebaa8cfe6a9",
                "sha256:b162ac10ca38850510caf8ea33f89edcb7b0bb0dfa5592d59909419986b72407",
                "sha256:b31da69ed0c18be8b77bfce48d234e55d040793cebb25398e2a7d84199fbc7e2",
                "sha256:caf65a396c0d1f9809596be2e444e3bd4190d86d5c1ce21f5fc4be60a3bc5b36",
                "sha256:cfa1161c6ac8f92dea03d625c2d0c05e084668f4a06568b77a25a89111621566",
                "sha256:dae46bed2cb79a58d6496ff6d8da1e3b95ba09afeca2e277628171ca99b99db1",
                "sha256:ddc7ab52b322eb1e40521eb422c4e0a20716c271a306860979d450decbb51b8e",
                "sha256:de92efa737875329b052982e37bd4371d52cabf469f83e7b8be9bb7752d67e51",
                "sha256:e274f0f6c7efd0d577744f52032fdd24344f11c5ae668fe8d01aac0422611df1",
                "sha256:ed5fb71d79e771ec930566fae9c02626b939e37271ec285e9efaf1b5d4370e7d",
                "sha256:ef85cf1f693c88c1fd229ccd1055570cb41cdf4875873b7728b6301f12cd05bf",
                "sha256:f1b739841821968798947d3afcefd386fa56da0caf97722a5de53e07c4ccedc7"
            ],
            "index": "pypi",
            "version": "==1.24.1"
        },
        "parso": {
            "hashes": [
                "sha256:8c07be290bb59f03588915921e29e8a50002acaf2cdc5fa0e0114f91709fafa0",
                "sha256:c001d4636cd3aecdaf33cbb40aebb59b094be2a74c556778ef5576c175e19e75"
            ],
            "markers": "python_version >= '3.6'",
            "version": "==0.8.3"
        },
        "pexpect": {
            "hashes": [
                "sha256:0b48a55dcb3c05f3329815901ea4fc1537514d6ba867a152b581d69ae3710937",
                "sha256:fc65a43959d153d0114afe13997d439c22823a27cefceb5ff35c2178c6784c0c"
            ],
            "markers": "sys_platform != 'win32'",
            "version": "==4.8.0"
        },
        "pickleshare": {
            "hashes": [
                "sha256:87683d47965c1da65cdacaf31c8441d12b8044cdec9aca500cd78fc2c683afca",
                "sha256:9649af414d74d4df115d5d718f82acb59c9d418196b7b4290ed47a12ce62df56"
            ],
            "version": "==0.7.5"
        },
        "pillow": {
            "hashes": [
                "sha256:0845adc64fe9886db00f5ab68c4a8cd933ab749a87747555cec1c95acea64b0b",
                "sha256:0884ba7b515163a1a05440a138adeb722b8a6ae2c2b33aea93ea3118dd3a899e",
                "sha256:09b89ddc95c248ee788328528e6a2996e09eaccddeeb82a5356e92645733be35",
                "sha256:0dd4c681b82214b36273c18ca7ee87065a50e013112eea7d78c7a1b89a739153",
                "sha256:0e51f608da093e5d9038c592b5b575cadc12fd748af1479b5e858045fff955a9",
                "sha256:0f3269304c1a7ce82f1759c12ce731ef9b6e95b6df829dccd9fe42912cc48569",
                "sha256:16a8df99701f9095bea8a6c4b3197da105df6f74e6176c5b410bc2df2fd29a57",
                "sha256:19005a8e58b7c1796bc0167862b1f54a64d3b44ee5d48152b06bb861458bc0f8",
                "sha256:1b4b4e9dda4f4e4c4e6896f93e84a8f0bcca3b059de9ddf67dac3c334b1195e1",
                "sha256:28676836c7796805914b76b1837a40f76827ee0d5398f72f7dcc634bae7c6264",
                "sha256:2968c58feca624bb6c8502f9564dd187d0e1389964898f5e9e1fbc8533169157",
                "sha256:3f4cc516e0b264c8d4ccd6b6cbc69a07c6d582d8337df79be1e15a5056b258c9",
                "sha256:3fa1284762aacca6dc97474ee9c16f83990b8eeb6697f2ba17140d54b453e133",
                "sha256:43521ce2c4b865d385e78579a082b6ad1166ebed2b1a2293c3be1d68dd7ca3b9",
                "sha256:451f10ef963918e65b8869e17d67db5e2f4ab40e716ee6ce7129b0cde2876eab",
                "sha256:46c259e87199041583658457372a183636ae8cd56dbf3f0755e0f376a7f9d0e6",
                "sha256:46f39cab8bbf4a384ba7cb0bc8bae7b7062b6a11cfac1ca4bc144dea90d4a9f5",
                "sha256:519e14e2c49fcf7616d6d2cfc5c70adae95682ae20f0395e9280db85e8d6c4df",
                "sha256:53dcb50fbdc3fb2c55431a9b30caeb2f7027fcd2aeb501459464f0214200a503",
                "sha256:54614444887e0d3043557d9dbc697dbb16cfb5a35d672b7a0fcc1ed0cf1c600b",
                "sha256:575d8912dca808edd9acd6f7795199332696d3469665ef26163cd090fa1f8bfa",
                "sha256:5dd5a9c3091a0f414a963d427f920368e2b6a4c2f7527fdd82cde8ef0bc7a327",
                "sha256:5f532a2ad4d174eb73494e7397988e22bf427f91acc8e6ebf5bb10597b49c493",
                "sha256:60e7da3a3ad1812c128750fc1bc14a7ceeb8d29f77e0a2356a8fb2aa8925287d",
                "sha256:653d7fb2df65efefbcbf81ef5fe5e5be931f1ee4332c2893ca638c9b11a409c4",
                "sha256:6663977496d616b618b6cfa43ec86e479ee62b942e1da76a2c3daa1c75933ef4",
                "sha256:6abfb51a82e919e3933eb137e17c4ae9c0475a25508ea88993bb59faf82f3b35",
                "sha256:6c6b1389ed66cdd174d040105123a5a1bc91d0aa7059c7261d20e583b6d8cbd2",
                "sha256:6d9dfb9959a3b0039ee06c1a1a90dc23bac3b430842dcb97908ddde05870601c",
                "sha256:765cb54c0b8724a7c12c55146ae4647e0274a839fb6de7bcba841e04298e1011",
                "sha256:7a21222644ab69ddd9967cfe6f2bb420b460dae4289c9d40ff9a4896e7c35c9a",
                "sha256:7ac7594397698f77bce84382929747130765f66406dc2cd8b4ab4da68ade4c6e",
                "sha256:7cfc287da09f9d2a7ec146ee4d72d6ea1342e770d975e49a8621bf54eaa8f30f",
                "sha256:847b114580c5cc9ebaf216dd8c8dbc6b00a3b7ab0131e173d7120e6deade1f57",
                "sha256:8f127e7b028900421cad64f51f75c051b628db17fb00e099eb148761eed598c9",
                "sha256:94cdff45173b1919350601f82d61365e792895e3c3a3443cf99819e6fbf717a5",
                "sha256:9a3049a10261d7f2b6514d35bbb7a4dfc3ece4c4de14ef5876c4b7a23a0e566d",
                "sha256:a1c2d7780448eb93fbcc3789bf3916aa5720d942e37945f4056680317f1cd23e",
                "sha256:a2e0f87144fcbbe54297cae708c5e7f9da21a4646523456b00cc956bd4c65815",
                "sha256:a4dfdae195335abb4e89cc9762b2edc524f3c6e80d647a9a81bf81e17e3fb6f0",
                "sha256:a96e6e23f2b79433390273eaf8cc94fec9c6370842e577ab10dabdcc7ea0a66b",
                "sha256:aabdab8ec1e7ca7f1434d042bf8b1e92056245fb179790dc97ed040361f16bfd",
                "sha256:b222090c455d6d1a64e6b7bb5f4035c4dff479e22455c9eaa1bdd4c75b52c80c",
                "sha256:b52ff4f4e002f828ea6483faf4c4e8deea8d743cf801b74910243c58acc6eda3",
                "sha256:b70756ec9417c34e097f987b4d8c510975216ad26ba6e57ccb53bc758f490dab",
                "sha256:b8c2f6eb0df979ee99433d8b3f6d193d9590f735cf12274c108bd954e30ca858",
                "sha256:b9b752ab91e78234941e44abdecc07f1f0d8f51fb62941d32995b8161f68cfe5",
                "sha256:ba6612b6548220ff5e9df85261bddc811a057b0b465a1226b39bfb8550616aee",
                "sha256:bd752c5ff1b4a870b7661234694f24b1d2b9076b8bf337321a814c612665f343",
                "sha256:c3c4ed2ff6760e98d262e0cc9c9a7f7b8a9f61aa4d47c58835cdaf7b0b8811bb",
                "sha256:c5c1362c14aee73f50143d74389b2c158707b4abce2cb055b7ad37ce60738d47",
                "sha256:cb362e3b0976dc994857391b776ddaa8c13c28a16f80ac6522c23d5257156bed",
                "sha256:d197df5489004db87d90b918033edbeee0bd6df3848a204bca3ff0a903bef837",
                "sha256:d3b56206244dc8711f7e8b7d6cad4663917cd5b2d950799425076681e8766286",
                "sha256:d5b2f8a31bd43e0f18172d8ac82347c8f37ef3e0b414431157718aa234991b28",
                "sha256:d7081c084ceb58278dd3cf81f836bc818978c0ccc770cbbb202125ddabec6628",
                "sha256:db74f5562c09953b2c5f8ec4b7dfd3f5421f31811e97d1dbc0a7c93d6e3a24df",
                "sha256:df41112ccce5d47770a0c13651479fbcd8793f34232a2dd9faeccb75eb5d0d0d",
                "sha256:e1339790c083c5a4de48f688b4841f18df839eb3c9584a770cbd818b33e26d5d",
                "sha256:e621b0246192d3b9cb1dc62c78cfa4c6f6d2ddc0ec207d43c0dedecb914f152a",
                "sha256:e8c5cf126889a4de385c02a2c3d3aba4b00f70234bfddae82a5eaa3ee6d5e3e6",
                "sha256:e9d7747847c53a16a729b6ee5e737cf170f7a16611c143d95aa60a109a59c336",
                "sha256:eaef5d2de3c7e9b21f1e762f289d17b726c2239a42b11e25446abf82b26ac132",
                "sha256:ed3e4b4e1e6de75fdc16d3259098de7c6571b1a6cc863b1a49e7d3d53e036070",
                "sha256:ef21af928e807f10bf4141cad4746eee692a0dd3ff56cfb25fce076ec3cc8abe",
                "sha256:f09598b416ba39a8f489c124447b007fe865f786a89dbfa48bb5cf395693132a",
                "sha256:f0caf4a5dcf610d96c3bd32932bfac8aee61c96e60481c2a0ea58da435e25acd",
                "sha256:f6e78171be3fb7941f9910ea15b4b14ec27725865a73c15277bc39f5ca4f8391",
                "sha256:f715c32e774a60a337b2bb8ad9839b4abf75b267a0f18806f6f4f5f1688c4b5a",
                "sha256:fb5c1ad6bad98c57482236a21bf985ab0ef42bd51f7ad4e4538e89a997624e12"
            ],
            "markers": "python_version >= '3.7'",
            "version": "==9.4.0"
        },
        "prompt-toolkit": {
            "hashes": [
                "sha256:3e163f254bef5a03b146397d7c1963bd3e2812f0964bb9a24e6ec761fd28db63",
                "sha256:aa64ad242a462c5ff0363a7b9cfe696c20d55d9fc60c11fd8e632d064804d305"
            ],
            "markers": "python_full_version >= '3.6.2'",
            "version": "==3.0.36"
        },
        "protobuf": {
            "hashes": [
                "sha256:1867f93b06a183f87696871bb8d1e99ee71dbb69d468ce1f0cc8bf3d30f982f3",
                "sha256:3c4160b601220627f7e91154e572baf5e161a9c3f445a8242d536ee3d0b7b17c",
                "sha256:4ee2af7051d3b10c8a4fe6fd1a2c69f201fea36aeee7086cf202a692e1b99ee1",
                "sha256:5266c36cc0af3bb3dbf44f199d225b33da66a9a5c3bdc2b14865ad10eddf0e37",
                "sha256:5470f892961af464ae6eaf0f3099e2c1190ae8c7f36f174b89491281341f79ca",
                "sha256:66d14b5b90090353efe75c9fb1bf65ef7267383034688d255b500822e37d5c2f",
                "sha256:67efb5d20618020aa9596e17bfc37ca068c28ec0c1507d9507f73c93d46c9855",
                "sha256:696e6cfab94cc15a14946f2bf72719dced087d437adbd994fff34f38986628bc",
                "sha256:6a02172b9650f819d01fb8e224fc69b0706458fc1ab4f1c669281243c71c1a5e",
                "sha256:950abd6c00e7b51f87ae8b18a0ce4d69fea217f62f171426e77de5061f6d9850",
                "sha256:9e1d74032f56ff25f417cfe84c8147047732e5059137ca42efad20cbbd25f5e0",
                "sha256:9e42b1cf2ecd8a1bd161239e693f22035ba99905ae6d7efeac8a0546c7ec1a27",
                "sha256:9f957ef53e872d58a0afd3bf6d80d48535d28c99b40e75e6634cbc33ea42fd54",
                "sha256:a89aa0c042e61e11ade320b802d6db4ee5391d8d973e46d3a48172c1597789f8",
                "sha256:c0f80876a8ff0ae7064084ed094eb86497bd5a3812e6fc96a05318b92301674e",
                "sha256:c44e3282cff74ad18c7e8a0375f407f69ee50c2116364b44492a196293e08b21",
                "sha256:d249519ba5ecf5dd6b18150c9b6bcde510b273714b696f3923ff8308fc11ae49",
                "sha256:d3973a2d58aefc7d1230725c2447ce7f86a71cbc094b86a77c6ee1505ac7cdb1",
                "sha256:dca2284378a5f2a86ffed35c6ac147d14c48b525eefcd1083e5a9ce28dfa8657",
                "sha256:e63b0b3c42e51c94add62b010366cd4979cb6d5f06158bcae8faac4c294f91e1",
                "sha256:f2b599a21c9a32e171ec29a2ac54e03297736c578698e11b099d031f79da114b",
                "sha256:f2bde37667b18c2b5280df83bc799204394a5d2d774e4deaf9de0eb741df6833",
                "sha256:f4f909f4dde413dec435a44b0894956d55bb928ded7d6e3c726556ca4c796e84",
                "sha256:f976234e20ab2785f54224bcdafa027674e23663b132fa3ca0caa291a6cfbde7",
                "sha256:f9cebda093c2f6bfed88f1c17cdade09d4d96096421b344026feee236532d4de"
            ],
            "markers": "python_version >= '3.5'",
            "version": "==3.19.5"
        },
        "ptyprocess": {
            "hashes": [
                "sha256:4b41f3967fce3af57cc7e94b888626c18bf37a083e3651ca8feeb66d492fef35",
                "sha256:5c5d0a3b48ceee0b48485e0c26037c0acd7d29765ca3fbb5cb3831d347423220"
            ],
            "version": "==0.7.0"
        },
        "pure-eval": {
            "hashes": [
                "sha256:01eaab343580944bc56080ebe0a674b39ec44a945e6d09ba7db3cb8cec289350",
                "sha256:2b45320af6dfaa1750f543d714b6d1c520a1688dec6fd24d339063ce0aaa9ac3"
            ],
            "version": "==0.2.2"
        },
        "pygments": {
            "hashes": [
                "sha256:b3ed06a9e8ac9a9aae5a6f5dbe78a8a58655d17b43b93c078f094ddc476ae297",
                "sha256:fa7bd7bd2771287c0de303af8bfdfc731f51bd2c6a47ab69d117138893b82717"
            ],
            "markers": "python_version >= '3.6'",
            "version": "==2.14.0"
        },
        "python-dotenv": {
            "hashes": [
                "sha256:1684eb44636dd462b66c3ee016599815514527ad99965de77f43e0944634a7e5",
                "sha256:b77d08274639e3d34145dfa6c7008e66df0f04b7be7a75fd0d5292c191d79045"
            ],
            "markers": "python_version >= '3.7'",
            "version": "==0.21.0"
        },
        "setuptools": {
            "hashes": [
                "sha256:4d3c92fac8f1118bb77a22181355e29c239cabfe2b9effdaa665c66b711136d7",
                "sha256:8ab4f1dbf2b4a65f7eec5ad0c620e84c34111a68d3349833494b9088212214dd"
            ],
            "markers": "python_version >= '3.7'",
            "version": "==65.7.0"
        },
        "six": {
            "hashes": [
                "sha256:1e61c37477a1626458e36f7b1d82aa5c9b094fa4802892072e49de9c60c4c926",
                "sha256:8abb2f1d86890a2dfb989f9a77cfcfd3e47c2a354b01111771326f8aa26e0254"
            ],
            "markers": "python_version >= '2.7' and python_version not in '3.0, 3.1, 3.2, 3.3'",
            "version": "==1.16.0"
        },
        "stability-sdk": {
            "hashes": [
                "sha256:034234d3b9b8764cc9a7eb34782910e8ebe0f7e33916a03f98bc41edcb3ceb39",
                "sha256:1168afd97fba53d82b14fb3b66c692eafcbb46463044a26b40752307cda264c5",
                "sha256:38a41e61f0f147f4040a8abbecda7099068923bd7848f6c447b7a0db7c0db629"
            ],
            "index": "pypi",
            "version": "==0.3.1"
        },
        "stack-data": {
            "hashes": [
                "sha256:32d2dd0376772d01b6cb9fc996f3c8b57a357089dec328ed4b6553d037eaf815",
                "sha256:cbb2a53eb64e5785878201a97ed7c7b94883f48b87bfb0bbe8b623c74679e4a8"
            ],
            "version": "==0.6.2"
        },
        "traitlets": {
            "hashes": [
                "sha256:32500888f5ff7bbf3b9267ea31748fa657aaf34d56d85e60f91dda7dc7f5785b",
                "sha256:a1ca5df6414f8b5760f7c5f256e326ee21b581742114545b462b35ffe3f04861"
            ],
            "markers": "python_version >= '3.7'",
            "version": "==5.8.1"
        },
        "wcwidth": {
            "hashes": [
                "sha256:beb4802a9cebb9144e99086eff703a642a13d6a0052920003a230f3294bbe784",
                "sha256:c4d647b99872929fdb7bdcaa4fbe7f01413ed3d98077df798530e5b04f116c83"
            ],
            "version": "==0.2.5"
        }
    },
    "develop": {}
}
